
Microsoft Visual Studio Solution File, Format Version 12.00
# Visual Studio 15
VisualStudioVersion = 15.0.27428.2011
MinimumVisualStudioVersion = 10.0.40219.1
Project("{FAE04EC0-301F-11D3-BF4B-00C04F79EFBC}") = "Club.Android", "Club\Club.Android\Club.Android.csproj", "{FC6C157E-1F8D-4343-B84D-42E9C0EA0A64}"
EndProject
Project("{FAE04EC0-301F-11D3-BF4B-00C04F79EFBC}") = "Club.iOS", "Club\Club.iOS\Club.iOS.csproj", "{F8892A5B-1431-4C4C-B269-18C629B7BA14}"
EndProject
Project("{9A19103F-16F7-4668-BE54-9A1E7A4F7556}") = "Club", "Club\Club\Club.csproj", "{AB34BF1D-D803-4022-B99B-C6F219B7CD91}"
EndProject
Global
	GlobalSection(SolutionConfigurationPlatforms) = preSolution
		Ad-Hoc|Any CPU = Ad-Hoc|Any CPU
		Ad-Hoc|iPhone = Ad-Hoc|iPhone
		Ad-Hoc|iPhoneSimulator = Ad-Hoc|iPhoneSimulator
		AppStore|Any CPU = AppStore|Any CPU
		AppStore|iPhone = AppStore|iPhone
		AppStore|iPhoneSimulator = AppStore|iPhoneSimulator
		Debug|Any CPU = Debug|Any CPU
		Debug|iPhone = Debug|iPhone
		Debug|iPhoneSimulator = Debug|iPhoneSimulator
		Release|Any CPU = Release|Any CPU
		Release|iPhone = Release|iPhone
		Release|iPhoneSimulator = Release|iPhoneSimulator
	EndGlobalSection
	GlobalSection(ProjectConfigurationPlatforms) = postSolution
		{FC6C157E-1F8D-4343-B84D-42E9C0EA0A64}.Ad-Hoc|Any CPU.ActiveCfg = Release|Any CPU
		{FC6C157E-1F8D-4343-B84D-42E9C0EA0A64}.Ad-Hoc|Any CPU.Build.0 = Release|Any CPU
		{FC6C157E-1F8D-4343-B84D-42E9C0EA0A64}.Ad-Hoc|Any CPU.Deploy.0 = Release|Any CPU
		{FC6C157E-1F8D-4343-B84D-42E9C0EA0A64}.Ad-Hoc|iPhone.ActiveCfg = Release|Any CPU
		{FC6C157E-1F8D-4343-B84D-42E9C0EA0A64}.Ad-Hoc|iPhone.Build.0 = Release|Any CPU
		{FC6C157E-1F8D-4343-B84D-42E9C0EA0A64}.Ad-Hoc|iPhone.Deploy.0 = Release|Any CPU
		{FC6C157E-1F8D-4343-B84D-42E9C0EA0A64}.Ad-Hoc|iPhoneSimulator.ActiveCfg = Release|Any CPU
		{FC6C157E-1F8D-4343-B84D-42E9C0EA0A64}.Ad-Hoc|iPhoneSimulator.Build.0 = Release|Any CPU
		{FC6C157E-1F8D-4343-B84D-42E9C0EA0A64}.Ad-Hoc|iPhoneSimulator.Deploy.0 = Release|Any CPU
		{FC6C157E-1F8D-4343-B84D-42E9C0EA0A64}.AppStore|Any CPU.ActiveCfg = Release|Any CPU
		{FC6C157E-1F8D-4343-B84D-42E9C0EA0A64}.AppStore|Any CPU.Build.0 = Release|Any CPU
		{FC6C157E-1F8D-4343-B84D-42E9C0EA0A64}.AppStore|Any CPU.Deploy.0 = Release|Any CPU
		{FC6C157E-1F8D-4343-B84D-42E9C0EA0A64}.AppStore|iPhone.ActiveCfg = Release|Any CPU
		{FC6C157E-1F8D-4343-B84D-42E9C0EA0A64}.AppStore|iPhone.Build.0 = Release|Any CPU
		{FC6C157E-1F8D-4343-B84D-42E9C0EA0A64}.AppStore|iPhone.Deploy.0 = Release|Any CPU
		{FC6C157E-1F8D-4343-B84D-42E9C0EA0A64}.AppStore|iPhoneSimulator.ActiveCfg = Release|Any CPU
		{FC6C157E-1F8D-4343-B84D-42E9C0EA0A64}.AppStore|iPhoneSimulator.Build.0 = Release|Any CPU
		{FC6C157E-1F8D-4343-B84D-42E9C0EA0A64}.AppStore|iPhoneSimulator.Deploy.0 = Release|Any CPU
		{FC6C157E-1F8D-4343-B84D-42E9C0EA0A64}.Debug|Any CPU.ActiveCfg = Debug|Any CPU
		{FC6C157E-1F8D-4343-B84D-42E9C0EA0A64}.Debug|Any CPU.Build.0 = Debug|Any CPU
		{FC6C157E-1F8D-4343-B84D-42E9C0EA0A64}.Debug|Any CPU.Deploy.0 = Debug|Any CPU
		{FC6C157E-1F8D-4343-B84D-42E9C0EA0A64}.Debug|iPhone.ActiveCfg = Debug|Any CPU
		{FC6C157E-1F8D-4343-B84D-42E9C0EA0A64}.Debug|iPhone.Build.0 = Debug|Any CPU
		{FC6C157E-1F8D-4343-B84D-42E9C0EA0A64}.Debug|iPhone.Deploy.0 = Debug|Any CPU
		{FC6C157E-1F8D-4343-B84D-42E9C0EA0A64}.Debug|iPhoneSimulator.ActiveCfg = Debug|Any CPU
		{FC6C157E-1F8D-4343-B84D-42E9C0EA0A64}.Debug|iPhoneSimulator.Build.0 = Debug|Any CPU
		{FC6C157E-1F8D-4343-B84D-42E9C0EA0A64}.Debug|iPhoneSimulator.Deploy.0 = Debug|Any CPU
		{FC6C157E-1F8D-4343-B84D-42E9C0EA0A64}.Release|Any CPU.ActiveCfg = Release|Any CPU
		{FC6C157E-1F8D-4343-B84D-42E9C0EA0A64}.Release|Any CPU.Build.0 = Release|Any CPU
		{FC6C157E-1F8D-4343-B84D-42E9C0EA0A64}.Release|Any CPU.Deploy.0 = Release|Any CPU
		{FC6C157E-1F8D-4343-B84D-42E9C0EA0A64}.Release|iPhone.ActiveCfg = Release|Any CPU
		{FC6C157E-1F8D-4343-B84D-42E9C0EA0A64}.Release|iPhone.Build.0 = Release|Any CPU
		{FC6C157E-1F8D-4343-B84D-42E9C0EA0A64}.Release|iPhone.Deploy.0 = Release|Any CPU
		{FC6C157E-1F8D-4343-B84D-42E9C0EA0A64}.Release|iPhoneSimulator.ActiveCfg = Release|Any CPU
		{FC6C157E-1F8D-4343-B84D-42E9C0EA0A64}.Release|iPhoneSimulator.Build.0 = Release|Any CPU
		{FC6C157E-1F8D-4343-B84D-42E9C0EA0A64}.Release|iPhoneSimulator.Deploy.0 = Release|Any CPU
		{F8892A5B-1431-4C4C-B269-18C629B7BA14}.Ad-Hoc|Any CPU.ActiveCfg = Ad-Hoc|iPhone
		{F8892A5B-1431-4C4C-B269-18C629B7BA14}.Ad-Hoc|iPhone.ActiveCfg = Ad-Hoc|iPhone
		{F8892A5B-1431-4C4C-B269-18C629B7BA14}.Ad-Hoc|iPhone.Build.0 = Ad-Hoc|iPhone
		{F8892A5B-1431-4C4C-B269-18C629B7BA14}.Ad-Hoc|iPhoneSimulator.ActiveCfg = Ad-Hoc|iPhoneSimulator
		{F8892A5B-1431-4C4C-B269-18C629B7BA14}.Ad-Hoc|iPhoneSimulator.Build.0 = Ad-Hoc|iPhoneSimulator
		{F8892A5B-1431-4C4C-B269-18C629B7BA14}.AppStore|Any CPU.ActiveCfg = AppStore|iPhone
		{F8892A5B-1431-4C4C-B269-18C629B7BA14}.AppStore|iPhone.ActiveCfg = AppStore|iPhone
		{F8892A5B-1431-4C4C-B269-18C629B7BA14}.AppStore|iPhone.Build.0 = AppStore|iPhone
		{F8892A5B-1431-4C4C-B269-18C629B7BA14}.AppStore|iPhoneSimulator.ActiveCfg = AppStore|iPhoneSimulator
		{F8892A5B-1431-4C4C-B269-18C629B7BA14}.AppStore|iPhoneSimulator.Build.0 = AppStore|iPhoneSimulator
		{F8892A5B-1431-4C4C-B269-18C629B7BA14}.Debug|Any CPU.ActiveCfg = Debug|iPhoneSimulator
		{F8892A5B-1431-4C4C-B269-18C629B7BA14}.Debug|Any CPU.Build.0 = Debug|iPhoneSimulator
		{F8892A5B-1431-4C4C-B269-18C629B7BA14}.Debug|iPhone.ActiveCfg = Debug|iPhone
		{F8892A5B-1431-4C4C-B269-18C629B7BA14}.Debug|iPhone.Build.0 = Debug|iPhone
		{F8892A5B-1431-4C4C-B269-18C629B7BA14}.Debug|iPhoneSimulator.ActiveCfg = Debug|iPhoneSimulator
		{F8892A5B-1431-4C4C-B269-18C629B7BA14}.Debug|iPhoneSimulator.Build.0 = Debug|iPhoneSimulator
		{F8892A5B-1431-4C4C-B269-18C629B7BA14}.Release|Any CPU.ActiveCfg = Release|iPhone
		{F8892A5B-1431-4C4C-B269-18C629B7BA14}.Release|iPhone.ActiveCfg = Release|iPhone
		{F8892A5B-1431-4C4C-B269-18C629B7BA14}.Release|iPhone.Build.0 = Release|iPhone
		{F8892A5B-1431-4C4C-B269-18C629B7BA14}.Release|iPhoneSimulator.ActiveCfg = Release|iPhoneSimulator
		{F8892A5B-1431-4C4C-B269-18C629B7BA14}.Release|iPhoneSimulator.Build.0 = Release|iPhoneSimulator
		{AB34BF1D-D803-4022-B99B-C6F219B7CD91}.Ad-Hoc|Any CPU.ActiveCfg = Debug|Any CPU
		{AB34BF1D-D803-4022-B99B-C6F219B7CD91}.Ad-Hoc|Any CPU.Build.0 = Debug|Any CPU
		{AB34BF1D-D803-4022-B99B-C6F219B7CD91}.Ad-Hoc|iPhone.ActiveCfg = Debug|Any CPU
		{AB34BF1D-D803-4022-B99B-C6F219B7CD91}.Ad-Hoc|iPhone.Build.0 = Debug|Any CPU
		{AB34BF1D-D803-4022-B99B-C6F219B7CD91}.Ad-Hoc|iPhoneSimulator.ActiveCfg = Debug|Any CPU
		{AB34BF1D-D803-4022-B99B-C6F219B7CD91}.Ad-Hoc|iPhoneSimulator.Build.0 = Debug|Any CPU
		{AB34BF1D-D803-4022-B99B-C6F219B7CD91}.AppStore|Any CPU.ActiveCfg = Debug|Any CPU
		{AB34BF1D-D803-4022-B99B-C6F219B7CD91}.AppStore|Any CPU.Build.0 = Debug|Any CPU
		{AB34BF1D-D803-4022-B99B-C6F219B7CD91}.AppStore|iPhone.ActiveCfg = Debug|Any CPU
		{AB34BF1D-D803-4022-B99B-C6F219B7CD91}.AppStore|iPhone.Build.0 = Debug|Any CPU
		{AB34BF1D-D803-4022-B99B-C6F219B7CD91}.AppStore|iPhoneSimulator.ActiveCfg = Debug|Any CPU
		{AB34BF1D-D803-4022-B99B-C6F219B7CD91}.AppStore|iPhoneSimulator.Build.0 = Debug|Any CPU
		{AB34BF1D-D803-4022-B99B-C6F219B7CD91}.Debug|Any CPU.ActiveCfg = Debug|Any CPU
		{AB34BF1D-D803-4022-B99B-C6F219B7CD91}.Debug|Any CPU.Build.0 = Debug|Any CPU
		{AB34BF1D-D803-4022-B99B-C6F219B7CD91}.Debug|iPhone.ActiveCfg = Debug|Any CPU
		{AB34BF1D-D803-4022-B99B-C6F219B7CD91}.Debug|iPhone.Build.0 = Debug|Any CPU
		{AB34BF1D-D803-4022-B99B-C6F219B7CD91}.Debug|iPhoneSimulator.ActiveCfg = Debug|Any CPU
		{AB34BF1D-D803-4022-B99B-C6F219B7CD91}.Debug|iPhoneSimulator.Build.0 = Debug|Any CPU
		{AB34BF1D-D803-4022-B99B-C6F219B7CD91}.Release|Any CPU.ActiveCfg = Release|Any CPU
		{AB34BF1D-D803-4022-B99B-C6F219B7CD91}.Release|Any CPU.Build.0 = Release|Any CPU
		{AB34BF1D-D803-4022-B99B-C6F219B7CD91}.Release|iPhone.ActiveCfg = Release|Any CPU
		{AB34BF1D-D803-4022-B99B-C6F219B7CD91}.Release|iPhone.Build.0 = Release|Any CPU
		{AB34BF1D-D803-4022-B99B-C6F219B7CD91}.Release|iPhoneSimulator.ActiveCfg = Release|Any CPU
		{AB34BF1D-D803-4022-B99B-C6F219B7CD91}.Release|iPhoneSimulator.Build.0 = Release|Any CPU
	EndGlobalSection
	GlobalSection(SolutionProperties) = preSolution
		HideSolutionNode = FALSE
	EndGlobalSection
	GlobalSection(ExtensibilityGlobals) = postSolution
		SolutionGuid = {7CAA3DBD-1E58-4324-8BA5-6EE716A2A0FB}
	EndGlobalSection
EndGlobal
